<?xml version="1.0" encoding="utf-8"?>
<Project ToolsVersion="4.0" xmlns="http://schemas.microsoft.com/developer/msbuild/2003">
  <ItemGroup>
    <Filter Include="소스 파일">
      <UniqueIdentifier>{4FC737F1-C7A5-4376-A066-2A32D752A2FF}</UniqueIdentifier>
      <Extensions>cpp;c;cc;cxx;def;odl;idl;hpj;bat;asm;asmx</Extensions>
    </Filter>
    <Filter Include="헤더 파일">
      <UniqueIdentifier>{93995380-89BD-4b04-88EB-625FBE52EBFB}</UniqueIdentifier>
      <Extensions>h;hh;hpp;hxx;hm;inl;inc;ipp;xsd</Extensions>
    </Filter>
    <Filter Include="리소스 파일">
      <UniqueIdentifier>{67DA6AB6-F800-4c08-8B7A-83BB121AAD01}</UniqueIdentifier>
      <Extensions>rc;ico;cur;bmp;dlg;rc2;rct;bin;rgs;gif;jpg;jpeg;jpe;resx;tiff;tif;png;wav;mfcribbon-ms</Extensions>
    </Filter>
    <Filter Include="헤더 파일\Include">
      <UniqueIdentifier>{c8ee96b9-c70a-48b4-9720-7a5232b320e5}</UniqueIdentifier>
    </Filter>
    <Filter Include="소스 파일\02.Object">
      <UniqueIdentifier>{ff70c85c-7255-411f-b7c7-97ba0782bcbd}</UniqueIdentifier>
    </Filter>
    <Filter Include="소스 파일\01.Manager">
      <UniqueIdentifier>{619c04d2-cd91-4eb5-ac70-f5a445ad2eeb}</UniqueIdentifier>
    </Filter>
    <Filter Include="소스 파일\00.Main">
      <UniqueIdentifier>{57cac5e7-cc5a-4808-926a-2e8460104526}</UniqueIdentifier>
    </Filter>
    <Filter Include="소스 파일\01.Manager\01.ObjPoolMgr">
      <UniqueIdentifier>{1f054931-f6c3-4274-ab30-5e1215532827}</UniqueIdentifier>
    </Filter>
    <Filter Include="소스 파일\02.Object\01.Player">
      <UniqueIdentifier>{8e19240f-ed18-4b19-9c2f-63430ffa679e}</UniqueIdentifier>
    </Filter>
    <Filter Include="소스 파일\02.Object\02.Enemy">
      <UniqueIdentifier>{4fa1eafd-58c5-4a06-8b62-816231de7ad0}</UniqueIdentifier>
    </Filter>
    <Filter Include="소스 파일\02.Object\04.Prop">
      <UniqueIdentifier>{797ac8b7-2280-49dc-a737-eb31a4a10b9c}</UniqueIdentifier>
    </Filter>
    <Filter Include="소스 파일\02.Object\04.Prop\01.Item">
      <UniqueIdentifier>{29883401-066f-4271-b8af-238c5d5a88c2}</UniqueIdentifier>
    </Filter>
    <Filter Include="소스 파일\00.Main\01.MainGame">
      <UniqueIdentifier>{3b9d87df-3838-42c0-b902-7888ed4995b5}</UniqueIdentifier>
    </Filter>
    <Filter Include="소스 파일\02.Object\04.Prop\02.Vehicle">
      <UniqueIdentifier>{b484b6e5-30f0-46a4-b700-de89efb83a6d}</UniqueIdentifier>
    </Filter>
    <Filter Include="소스 파일\02.Object\05.Bullet">
      <UniqueIdentifier>{3f3e72ae-7fe0-4a39-8e74-5872f74c496c}</UniqueIdentifier>
    </Filter>
    <Filter Include="소스 파일\03.Weapon">
      <UniqueIdentifier>{343ef793-91fb-4586-a1e6-7b7f149ea685}</UniqueIdentifier>
    </Filter>
    <Filter Include="소스 파일\99.Default">
      <UniqueIdentifier>{65eedaf6-9700-44ae-9908-2f2ab4f1b46d}</UniqueIdentifier>
    </Filter>
    <Filter Include="소스 파일\03.Weapon\01.Pistol">
      <UniqueIdentifier>{52f97206-8fe5-4202-a02b-e32a10b02d06}</UniqueIdentifier>
    </Filter>
    <Filter Include="소스 파일\03.Weapon\02.Heavy">
      <UniqueIdentifier>{5f9f628c-fced-4944-97d2-0c7e5daaec4b}</UniqueIdentifier>
    </Filter>
    <Filter Include="소스 파일\02.Object\05.Bullet\01.Heavy">
      <UniqueIdentifier>{d26d0df1-04dd-4f19-b78c-b64550286a91}</UniqueIdentifier>
    </Filter>
    <Filter Include="소스 파일\02.Object\06.Grenade">
      <UniqueIdentifier>{6b0eb9fd-2ae0-48be-bf60-f81b66cdd9a5}</UniqueIdentifier>
    </Filter>
    <Filter Include="소스 파일\02.Object\02.Enemy\01.Soldier">
      <UniqueIdentifier>{c92c15aa-c634-4a64-a162-0ddcb3abe2bb}</UniqueIdentifier>
    </Filter>
    <Filter Include="소스 파일\02.Object\04.Prop\01.Item\01.WepItem">
      <UniqueIdentifier>{32c057da-8402-45cf-863a-75cd437c363a}</UniqueIdentifier>
    </Filter>
    <Filter Include="소스 파일\02.Object\04.Prop\01.Item\02.AmmoBox">
      <UniqueIdentifier>{3af1d973-af99-461b-8f7e-413f7d3ae17b}</UniqueIdentifier>
    </Filter>
    <Filter Include="소스 파일\02.Object\04.Prop\01.Item\03.GrenadeBox">
      <UniqueIdentifier>{0e73803f-b2b8-4986-859b-0f5f0bff1c8f}</UniqueIdentifier>
    </Filter>
    <Filter Include="소스 파일\02.Object\04.Prop\01.Item\04.LifeStone">
      <UniqueIdentifier>{f0c8445e-78fb-4e6a-95bc-a03156280256}</UniqueIdentifier>
    </Filter>
    <Filter Include="소스 파일\02.Object\04.Prop\01.Item\05.ItemBox">
      <UniqueIdentifier>{09aee3b9-dd29-463b-9853-afc027f6f69a}</UniqueIdentifier>
    </Filter>
    <Filter Include="소스 파일\02.Object\07.Block">
      <UniqueIdentifier>{af9e6eb9-6203-4a90-85b8-8d466f9a483f}</UniqueIdentifier>
    </Filter>
    <Filter Include="소스 파일\02.Object\03.Npc">
      <UniqueIdentifier>{56db95c9-0e96-4c79-9adf-ca19548211a2}</UniqueIdentifier>
    </Filter>
    <Filter Include="소스 파일\02.Object\02.Enemy\02.Arabian">
      <UniqueIdentifier>{2cd015a4-8ac6-4fcf-ada8-70ff0c0d8bbe}</UniqueIdentifier>
    </Filter>
    <Filter Include="소스 파일\02.Object\02.Enemy\03.ThreeHead">
      <UniqueIdentifier>{bc4813c4-b753-4980-a254-335b60e5fc82}</UniqueIdentifier>
    </Filter>
    <Filter Include="소스 파일\02.Object\02.Enemy\03.ThreeHead\01.Tower">
      <UniqueIdentifier>{2e060bc2-9d7a-481c-8e53-f1223cb660b9}</UniqueIdentifier>
    </Filter>
    <Filter Include="소스 파일\02.Object\02.Enemy\04.Masknell">
      <UniqueIdentifier>{5b453aa9-7c9c-4a77-96d6-4a3c79a68aa8}</UniqueIdentifier>
    </Filter>
    <Filter Include="소스 파일\02.Object\05.Bullet\02.Shotgun">
      <UniqueIdentifier>{6a1eb6bc-5ecb-4874-8c46-88bc12948077}</UniqueIdentifier>
    </Filter>
    <Filter Include="소스 파일\03.Weapon\03.Shotgun">
      <UniqueIdentifier>{b1b9745f-924d-404f-9d19-101a437b5198}</UniqueIdentifier>
    </Filter>
    <Filter Include="소스 파일\02.Object\05.Bullet\03.Rocket">
      <UniqueIdentifier>{940f7cf8-0150-472e-8494-cee1569523e1}</UniqueIdentifier>
    </Filter>
    <Filter Include="소스 파일\03.Weapon\04.Rocket">
      <UniqueIdentifier>{a0105b60-ff3a-4662-b3c1-c728370a93cb}</UniqueIdentifier>
    </Filter>
    <Filter Include="소스 파일\02.Object\05.Bullet\04.Explosive">
      <UniqueIdentifier>{961ebbcd-a631-4ff8-bdaf-f99feed069a3}</UniqueIdentifier>
    </Filter>
    <Filter Include="소스 파일\02.Object\02.Enemy\05.SolDae">
      <UniqueIdentifier>{98332736-38a6-407a-924d-35154c9c9fa1}</UniqueIdentifier>
    </Filter>
    <Filter Include="소스 파일\02.Object\05.Bullet\05.EnemyBullet">
      <UniqueIdentifier>{6943972f-9739-4173-942a-31188a770fdf}</UniqueIdentifier>
    </Filter>
    <Filter Include="소스 파일\02.Object\05.Bullet\05.EnemyBullet\00.EnemyBullet">
      <UniqueIdentifier>{4da3104e-dcfc-4364-a91e-d3d0d0056c7c}</UniqueIdentifier>
    </Filter>
    <Filter Include="소스 파일\02.Object\05.Bullet\05.EnemyBullet\01.SolDaeLaser">
      <UniqueIdentifier>{7ae78243-24e1-447f-b13c-adb97b2c6ac6}</UniqueIdentifier>
    </Filter>
    <Filter Include="소스 파일\02.Object\05.Bullet\05.EnemyBullet\02.SolDaeRoot">
      <UniqueIdentifier>{e84fc458-ea67-4acf-92b1-da43d5f1358d}</UniqueIdentifier>
    </Filter>
    <Filter Include="소스 파일\02.Object\07.Block\01.Car">
      <UniqueIdentifier>{cae050db-fa86-4e50-a44e-c17685a037ae}</UniqueIdentifier>
    </Filter>
    <Filter Include="소스 파일\02.Object\02.Enemy\06.Sarubia">
      <UniqueIdentifier>{3f12298f-6ffe-40cf-bc45-edaf23354728}</UniqueIdentifier>
    </Filter>
    <Filter Include="소스 파일\02.Object\05.Bullet\05.EnemyBullet\03.SarubiaBullet">
      <UniqueIdentifier>{252333c6-db1c-4f0a-b5fa-8fba75068618}</UniqueIdentifier>
    </Filter>
    <Filter Include="소스 파일\02.Object\02.Enemy\07.Bazuka">
      <UniqueIdentifier>{db990792-db1d-44b4-9362-c58114bd0e16}</UniqueIdentifier>
    </Filter>
    <Filter Include="소스 파일\02.Object\02.Enemy\07.Bazuka\00.Parachute">
      <UniqueIdentifier>{a6bb3542-ec3e-44da-8fb8-e0b376ee95d1}</UniqueIdentifier>
    </Filter>
    <Filter Include="소스 파일\02.Object\05.Bullet\05.EnemyBullet\04.BazukaBullet">
      <UniqueIdentifier>{e5863e97-d86b-4c2a-9101-3d1e4a1e0cfe}</UniqueIdentifier>
    </Filter>
    <Filter Include="소스 파일\03.Weapon\05.Laser">
      <UniqueIdentifier>{01e2df00-19f0-48fa-8550-df78f5d5215a}</UniqueIdentifier>
    </Filter>
    <Filter Include="소스 파일\02.Object\05.Bullet\06.LaserBullet">
      <UniqueIdentifier>{1866da2e-2412-4baf-8f49-f05d39f2800b}</UniqueIdentifier>
    </Filter>
    <Filter Include="소스 파일\02.Object\02.Enemy\08.DiCokka">
      <UniqueIdentifier>{8f069d8b-2862-4b9d-b29a-8c957bd6f7d1}</UniqueIdentifier>
    </Filter>
    <Filter Include="소스 파일\02.Object\05.Bullet\05.EnemyBullet\05.DiCokkaBullet">
      <UniqueIdentifier>{09932e7f-0796-4be7-b6d1-fa99875f9c4c}</UniqueIdentifier>
    </Filter>
    <Filter Include="소스 파일\02.Object\05.Bullet\07.IronlizardBullet">
      <UniqueIdentifier>{a0118ce1-a074-4127-b26e-6151b8acb1bb}</UniqueIdentifier>
    </Filter>
    <Filter Include="소스 파일\03.Weapon\06.Ironlizard">
      <UniqueIdentifier>{b2ff9162-f9f5-4bcd-9083-cbc28cde0409}</UniqueIdentifier>
    </Filter>
    <Filter Include="소스 파일\02.Object\05.Bullet\05.EnemyBullet\06.ThreeHeadBullet">
      <UniqueIdentifier>{7dd6a1ab-1857-43b5-91ed-0293d035f1c2}</UniqueIdentifier>
    </Filter>
    <Filter Include="소스 파일\02.Object\02.Enemy\09.Kessi">
      <UniqueIdentifier>{2601959c-3d48-4aec-ba24-15f7b1325481}</UniqueIdentifier>
    </Filter>
    <Filter Include="소스 파일\02.Object\02.Enemy\09.Kessi\01.Rosin">
      <UniqueIdentifier>{bafa0f2c-4810-4c6a-8a8b-c659682615f9}</UniqueIdentifier>
    </Filter>
    <Filter Include="소스 파일\02.Object\02.Enemy\09.Kessi\02.FixedBazuka">
      <UniqueIdentifier>{c5b3dca4-07d5-4890-99b9-8cf0df91d8f8}</UniqueIdentifier>
    </Filter>
    <Filter Include="소스 파일\02.Object\02.Enemy\09.Kessi\03.Burst">
      <UniqueIdentifier>{f6ac4e8d-7e51-48ad-99cf-0b5e4845b334}</UniqueIdentifier>
    </Filter>
    <Filter Include="소스 파일\01.Manager\02.SoundMgr">
      <UniqueIdentifier>{32cc88db-13f1-4dd3-8c4f-5dad20ab5c88}</UniqueIdentifier>
    </Filter>
    <Filter Include="소스 파일\01.Manager\10.BlockMgr">
      <UniqueIdentifier>{661a3238-fa65-4145-a4d3-c78df34d706d}</UniqueIdentifier>
    </Filter>
    <Filter Include="소스 파일\01.Manager\03.CollisonMgr">
      <UniqueIdentifier>{5ada3eaf-a61d-40a4-9c2d-8b879bf39ced}</UniqueIdentifier>
    </Filter>
    <Filter Include="소스 파일\01.Manager\04.ScrollMgr">
      <UniqueIdentifier>{19729785-9aa7-4b31-b5b8-4f575b6af38e}</UniqueIdentifier>
    </Filter>
    <Filter Include="소스 파일\01.Manager\05.BmpMgr">
      <UniqueIdentifier>{0f498587-61e7-4dd8-ad1d-32144f96135d}</UniqueIdentifier>
    </Filter>
    <Filter Include="소스 파일\01.Manager\05.BmpMgr\01.CBitmap">
      <UniqueIdentifier>{67425488-35eb-40b4-a03c-37edb9c61caf}</UniqueIdentifier>
    </Filter>
    <Filter Include="소스 파일\01.Manager\06.SceneMgr">
      <UniqueIdentifier>{fc56e429-ae1c-43d1-9940-914a275fad35}</UniqueIdentifier>
    </Filter>
    <Filter Include="소스 파일\01.Manager\06.SceneMgr\01.Scene">
      <UniqueIdentifier>{58dde41c-f22c-41fd-b099-1bfcc6fb627a}</UniqueIdentifier>
    </Filter>
    <Filter Include="소스 파일\01.Manager\06.SceneMgr\01.Scene\01.Menu">
      <UniqueIdentifier>{08e31c7c-ac37-4ef6-aa50-3b4689f73f08}</UniqueIdentifier>
    </Filter>
    <Filter Include="소스 파일\01.Manager\06.SceneMgr\01.Scene\02.Game">
      <UniqueIdentifier>{e0ed132d-d1d4-41ea-b12f-55a81a0b30be}</UniqueIdentifier>
    </Filter>
    <Filter Include="소스 파일\01.Manager\07.KeyMgr">
      <UniqueIdentifier>{80b006bc-a095-4399-9ab0-e6389cbf4247}</UniqueIdentifier>
    </Filter>
    <Filter Include="소스 파일\01.Manager\08.LineMgr">
      <UniqueIdentifier>{3134275d-d028-4821-a307-36fda987c6cf}</UniqueIdentifier>
    </Filter>
    <Filter Include="소스 파일\01.Manager\08.LineMgr\01.Line">
      <UniqueIdentifier>{bafa3a6b-87ef-46ac-8e42-c8a18d28e230}</UniqueIdentifier>
    </Filter>
    <Filter Include="소스 파일\01.Manager\09.DataMgr">
      <UniqueIdentifier>{8868ca78-9262-4f56-a548-5754530731af}</UniqueIdentifier>
    </Filter>
    <Filter Include="소스 파일\01.Manager\06.SceneMgr\01.Scene\02.Game\01.Stage2">
      <UniqueIdentifier>{f984788e-72c8-4521-9ff2-8093df5bb843}</UniqueIdentifier>
    </Filter>
  </ItemGroup>
  <ItemGroup>
    <ClInclude Include="framework.h">
      <Filter>헤더 파일</Filter>
    </ClInclude>
    <ClInclude Include="Define.h">
      <Filter>헤더 파일\Include</Filter>
    </ClInclude>
    <ClInclude Include="Struct.h">
      <Filter>헤더 파일\Include</Filter>
    </ClInclude>
    <ClInclude Include="Class.h">
      <Filter>헤더 파일\Include</Filter>
    </ClInclude>
    <ClInclude Include="Enum.h">
      <Filter>헤더 파일\Include</Filter>
    </ClInclude>
    <ClInclude Include="Include.h">
      <Filter>헤더 파일</Filter>
    </ClInclude>
    <ClInclude Include="Resource.h">
      <Filter>소스 파일\99.Default</Filter>
    </ClInclude>
    <ClInclude Include="targetver.h">
      <Filter>소스 파일\99.Default</Filter>
    </ClInclude>
    <ClInclude Include="MetalSlug.h">
      <Filter>소스 파일\00.Main</Filter>
    </ClInclude>
    <ClInclude Include="BmpFile.h">
      <Filter>헤더 파일\Include</Filter>
    </ClInclude>
    <ClInclude Include="Obj.h">
      <Filter>소스 파일\02.Object</Filter>
    </ClInclude>
    <ClInclude Include="MainGame.h">
      <Filter>소스 파일\00.Main\01.MainGame</Filter>
    </ClInclude>
    <ClInclude Include="SceneMgr.h">
      <Filter>소스 파일\01.Manager\06.SceneMgr</Filter>
    </ClInclude>
    <ClInclude Include="Scene.h">
      <Filter>소스 파일\01.Manager\06.SceneMgr\01.Scene</Filter>
    </ClInclude>
    <ClInclude Include="Menu.h">
      <Filter>소스 파일\01.Manager\06.SceneMgr\01.Scene\01.Menu</Filter>
    </ClInclude>
    <ClInclude Include="Game.h">
      <Filter>소스 파일\01.Manager\06.SceneMgr\01.Scene\02.Game</Filter>
    </ClInclude>
    <ClInclude Include="Player.h">
      <Filter>소스 파일\02.Object\01.Player</Filter>
    </ClInclude>
    <ClInclude Include="CBitMap.h">
      <Filter>소스 파일\01.Manager\05.BmpMgr\01.CBitmap</Filter>
    </ClInclude>
    <ClInclude Include="BmpMgr.h">
      <Filter>소스 파일\01.Manager\05.BmpMgr</Filter>
    </ClInclude>
    <ClInclude Include="KeyMgr.h">
      <Filter>소스 파일\01.Manager\07.KeyMgr</Filter>
    </ClInclude>
    <ClInclude Include="LineMgr.h">
      <Filter>소스 파일\01.Manager\08.LineMgr</Filter>
    </ClInclude>
    <ClInclude Include="AbstractFactory.h">
      <Filter>헤더 파일</Filter>
    </ClInclude>
    <ClInclude Include="CollisionMgr.h">
      <Filter>소스 파일\01.Manager\03.CollisonMgr</Filter>
    </ClInclude>
    <ClInclude Include="ObjPoolMgr.h">
      <Filter>소스 파일\01.Manager\01.ObjPoolMgr</Filter>
    </ClInclude>
    <ClInclude Include="Bullet.h">
      <Filter>소스 파일\02.Object\05.Bullet</Filter>
    </ClInclude>
    <ClInclude Include="DataMgr.h">
      <Filter>소스 파일\01.Manager\09.DataMgr</Filter>
    </ClInclude>
    <ClInclude Include="Line.h">
      <Filter>소스 파일\01.Manager\08.LineMgr\01.Line</Filter>
    </ClInclude>
    <ClInclude Include="ScrollMgr.h">
      <Filter>소스 파일\01.Manager\04.ScrollMgr</Filter>
    </ClInclude>
    <ClInclude Include="Weapon.h">
      <Filter>소스 파일\03.Weapon</Filter>
    </ClInclude>
    <ClInclude Include="Pistol.h">
      <Filter>소스 파일\03.Weapon\01.Pistol</Filter>
    </ClInclude>
    <ClInclude Include="HeavyMachine.h">
      <Filter>소스 파일\03.Weapon\02.Heavy</Filter>
    </ClInclude>
    <ClInclude Include="HeavyBullet.h">
      <Filter>소스 파일\02.Object\05.Bullet\01.Heavy</Filter>
    </ClInclude>
    <ClInclude Include="Item.h">
      <Filter>소스 파일\02.Object\04.Prop\01.Item</Filter>
    </ClInclude>
    <ClInclude Include="Weapons.h">
      <Filter>소스 파일\03.Weapon</Filter>
    </ClInclude>
    <ClInclude Include="Grenade.h">
      <Filter>소스 파일\02.Object\06.Grenade</Filter>
    </ClInclude>
    <ClInclude Include="Enemy.h">
      <Filter>소스 파일\02.Object\02.Enemy</Filter>
    </ClInclude>
    <ClInclude Include="Stage2.h">
      <Filter>소스 파일\01.Manager\06.SceneMgr\01.Scene\02.Game\01.Stage2</Filter>
    </ClInclude>
    <ClInclude Include="WepItem.h">
      <Filter>소스 파일\02.Object\04.Prop\01.Item\01.WepItem</Filter>
    </ClInclude>
    <ClInclude Include="AmmoBox.h">
      <Filter>소스 파일\02.Object\04.Prop\01.Item\02.AmmoBox</Filter>
    </ClInclude>
    <ClInclude Include="GrenadeBox.h">
      <Filter>소스 파일\02.Object\04.Prop\01.Item\03.GrenadeBox</Filter>
    </ClInclude>
    <ClInclude Include="Items.h">
      <Filter>소스 파일\02.Object\04.Prop\01.Item</Filter>
    </ClInclude>
    <ClInclude Include="LifeStone.h">
      <Filter>소스 파일\02.Object\04.Prop\01.Item\04.LifeStone</Filter>
    </ClInclude>
    <ClInclude Include="ItemBox.h">
      <Filter>소스 파일\02.Object\04.Prop\01.Item\05.ItemBox</Filter>
    </ClInclude>
    <ClInclude Include="Block.h">
      <Filter>소스 파일\02.Object\07.Block</Filter>
    </ClInclude>
    <ClInclude Include="Npc.h">
      <Filter>소스 파일\02.Object\03.Npc</Filter>
    </ClInclude>
    <ClInclude Include="Arabian.h">
      <Filter>소스 파일\02.Object\02.Enemy\02.Arabian</Filter>
    </ClInclude>
    <ClInclude Include="Soldier.h">
      <Filter>소스 파일\02.Object\02.Enemy\01.Soldier</Filter>
    </ClInclude>
    <ClInclude Include="Enemys.h">
      <Filter>소스 파일\02.Object\02.Enemy</Filter>
    </ClInclude>
    <ClInclude Include="ThreeHead.h">
      <Filter>소스 파일\02.Object\02.Enemy\03.ThreeHead</Filter>
    </ClInclude>
    <ClInclude Include="Tower.h">
      <Filter>소스 파일\02.Object\02.Enemy\03.ThreeHead\01.Tower</Filter>
    </ClInclude>
    <ClInclude Include="Masknell.h">
      <Filter>소스 파일\02.Object\02.Enemy\04.Masknell</Filter>
    </ClInclude>
    <ClInclude Include="ShotgunBullet.h">
      <Filter>소스 파일\02.Object\05.Bullet\02.Shotgun</Filter>
    </ClInclude>
    <ClInclude Include="Shotgun.h">
      <Filter>소스 파일\03.Weapon\03.Shotgun</Filter>
    </ClInclude>
    <ClInclude Include="Bullets.h">
      <Filter>소스 파일\02.Object\05.Bullet</Filter>
    </ClInclude>
    <ClInclude Include="RocketBullet.h">
      <Filter>소스 파일\02.Object\05.Bullet\03.Rocket</Filter>
    </ClInclude>
    <ClInclude Include="RocketLauncher.h">
      <Filter>소스 파일\03.Weapon\04.Rocket</Filter>
    </ClInclude>
    <ClInclude Include="Explosive.h">
      <Filter>소스 파일\02.Object\05.Bullet\04.Explosive</Filter>
    </ClInclude>
    <ClInclude Include="SolDae.h">
      <Filter>소스 파일\02.Object\02.Enemy\05.SolDae</Filter>
    </ClInclude>
    <ClInclude Include="SolDaeLaser.h">
      <Filter>소스 파일\02.Object\05.Bullet\05.EnemyBullet\01.SolDaeLaser</Filter>
    </ClInclude>
    <ClInclude Include="EnemyBullet.h">
      <Filter>소스 파일\02.Object\05.Bullet\05.EnemyBullet\00.EnemyBullet</Filter>
    </ClInclude>
    <ClInclude Include="SolDaeRoot.h">
      <Filter>소스 파일\02.Object\05.Bullet\05.EnemyBullet\02.SolDaeRoot</Filter>
    </ClInclude>
    <ClInclude Include="Car.h">
      <Filter>소스 파일\02.Object\07.Block\01.Car</Filter>
    </ClInclude>
    <ClInclude Include="Blocks.h">
      <Filter>소스 파일\02.Object\07.Block</Filter>
    </ClInclude>
    <ClInclude Include="Sarubia.h">
      <Filter>소스 파일\02.Object\02.Enemy\06.Sarubia</Filter>
    </ClInclude>
    <ClInclude Include="SarubiaBullet.h">
      <Filter>소스 파일\02.Object\05.Bullet\05.EnemyBullet\03.SarubiaBullet</Filter>
    </ClInclude>
    <ClInclude Include="Bazuka.h">
      <Filter>소스 파일\02.Object\02.Enemy\07.Bazuka</Filter>
    </ClInclude>
    <ClInclude Include="Parachute.h">
      <Filter>소스 파일\02.Object\02.Enemy\07.Bazuka\00.Parachute</Filter>
    </ClInclude>
    <ClInclude Include="BazukaBullet.h">
      <Filter>소스 파일\02.Object\05.Bullet\05.EnemyBullet\04.BazukaBullet</Filter>
    </ClInclude>
    <ClInclude Include="Laser.h">
      <Filter>소스 파일\03.Weapon\05.Laser</Filter>
    </ClInclude>
    <ClInclude Include="LaserBullet.h">
      <Filter>소스 파일\02.Object\05.Bullet\06.LaserBullet</Filter>
    </ClInclude>
    <ClInclude Include="DiCokka.h">
      <Filter>소스 파일\02.Object\02.Enemy\08.DiCokka</Filter>
    </ClInclude>
    <ClInclude Include="DiCokkaBullet.h">
      <Filter>소스 파일\02.Object\05.Bullet\05.EnemyBullet\05.DiCokkaBullet</Filter>
    </ClInclude>
    <ClInclude Include="BlockMgr.h">
      <Filter>소스 파일\01.Manager\10.BlockMgr</Filter>
    </ClInclude>
    <ClInclude Include="Manager.h">
      <Filter>소스 파일\01.Manager</Filter>
    </ClInclude>
    <ClInclude Include="IronlizardBullet.h">
      <Filter>소스 파일\02.Object\05.Bullet\07.IronlizardBullet</Filter>
    </ClInclude>
    <ClInclude Include="Ironlizard.h">
      <Filter>소스 파일\03.Weapon\06.Ironlizard</Filter>
    </ClInclude>
    <ClInclude Include="ThreeHeadBullet.h">
      <Filter>소스 파일\02.Object\05.Bullet\05.EnemyBullet\06.ThreeHeadBullet</Filter>
    </ClInclude>
    <ClInclude Include="Kessi.h">
      <Filter>소스 파일\02.Object\02.Enemy\09.Kessi</Filter>
    </ClInclude>
    <ClInclude Include="FixedBazuka.h">
      <Filter>소스 파일\02.Object\02.Enemy\09.Kessi\02.FixedBazuka</Filter>
    </ClInclude>
    <ClInclude Include="Rosin.h">
      <Filter>소스 파일\02.Object\02.Enemy\09.Kessi\01.Rosin</Filter>
    </ClInclude>
    <ClInclude Include="Burst.h">
      <Filter>소스 파일\02.Object\02.Enemy\09.Kessi\03.Burst</Filter>
    </ClInclude>
    <ClInclude Include="SoundMgr.h">
      <Filter>소스 파일\01.Manager\02.SoundMgr</Filter>
    </ClInclude>
  </ItemGroup>
  <ItemGroup>
    <ResourceCompile Include="MetalSlug.rc">
      <Filter>리소스 파일</Filter>
    </ResourceCompile>
  </ItemGroup>
  <ItemGroup>
    <Image Include="small.ico">
      <Filter>리소스 파일</Filter>
    </Image>
    <Image Include="MetalSlug.ico">
      <Filter>리소스 파일</Filter>
    </Image>
  </ItemGroup>
  <ItemGroup>
    <ClCompile Include="MetalSlug.cpp">
      <Filter>소스 파일\00.Main</Filter>
    </ClCompile>
    <ClCompile Include="Obj.cpp">
      <Filter>소스 파일\02.Object</Filter>
    </ClCompile>
    <ClCompile Include="MainGame.cpp">
      <Filter>소스 파일\00.Main\01.MainGame</Filter>
    </ClCompile>
    <ClCompile Include="SceneMgr.cpp">
      <Filter>소스 파일\01.Manager\06.SceneMgr</Filter>
    </ClCompile>
    <ClCompile Include="Scene.cpp">
      <Filter>소스 파일\01.Manager\06.SceneMgr\01.Scene</Filter>
    </ClCompile>
    <ClCompile Include="Menu.cpp">
      <Filter>소스 파일\01.Manager\06.SceneMgr\01.Scene\01.Menu</Filter>
    </ClCompile>
    <ClCompile Include="Game.cpp">
      <Filter>소스 파일\01.Manager\06.SceneMgr\01.Scene\02.Game</Filter>
    </ClCompile>
    <ClCompile Include="Player.cpp">
      <Filter>소스 파일\02.Object\01.Player</Filter>
    </ClCompile>
    <ClCompile Include="CBitMap.cpp">
      <Filter>소스 파일\01.Manager\05.BmpMgr\01.CBitmap</Filter>
    </ClCompile>
    <ClCompile Include="BmpMgr.cpp">
      <Filter>소스 파일\01.Manager\05.BmpMgr</Filter>
    </ClCompile>
    <ClCompile Include="KeyMgr.cpp">
      <Filter>소스 파일\01.Manager\07.KeyMgr</Filter>
    </ClCompile>
    <ClCompile Include="LineMgr.cpp">
      <Filter>소스 파일\01.Manager\08.LineMgr</Filter>
    </ClCompile>
    <ClCompile Include="CollisionMgr.cpp">
      <Filter>소스 파일\01.Manager\03.CollisonMgr</Filter>
    </ClCompile>
    <ClCompile Include="ObjPoolMgr.cpp">
      <Filter>소스 파일\01.Manager\01.ObjPoolMgr</Filter>
    </ClCompile>
    <ClCompile Include="Bullet.cpp">
      <Filter>소스 파일\02.Object\05.Bullet</Filter>
    </ClCompile>
    <ClCompile Include="DataMgr.cpp">
      <Filter>소스 파일\01.Manager\09.DataMgr</Filter>
    </ClCompile>
    <ClCompile Include="Line.cpp">
      <Filter>소스 파일\01.Manager\08.LineMgr\01.Line</Filter>
    </ClCompile>
    <ClCompile Include="ScrollMgr.cpp">
      <Filter>소스 파일\01.Manager\04.ScrollMgr</Filter>
    </ClCompile>
    <ClCompile Include="Weapon.cpp">
      <Filter>소스 파일\03.Weapon</Filter>
    </ClCompile>
    <ClCompile Include="Pistol.cpp">
      <Filter>소스 파일\03.Weapon\01.Pistol</Filter>
    </ClCompile>
    <ClCompile Include="HeavyMachine.cpp">
      <Filter>소스 파일\03.Weapon\02.Heavy</Filter>
    </ClCompile>
    <ClCompile Include="HeavyBullet.cpp">
      <Filter>소스 파일\02.Object\05.Bullet\01.Heavy</Filter>
    </ClCompile>
    <ClCompile Include="Item.cpp">
      <Filter>소스 파일\02.Object\04.Prop\01.Item</Filter>
    </ClCompile>
    <ClCompile Include="Grenade.cpp">
      <Filter>소스 파일\02.Object\06.Grenade</Filter>
    </ClCompile>
    <ClCompile Include="Enemy.cpp">
      <Filter>소스 파일\02.Object\02.Enemy</Filter>
    </ClCompile>
    <ClCompile Include="Stage2.cpp">
      <Filter>소스 파일\01.Manager\06.SceneMgr\01.Scene\02.Game\01.Stage2</Filter>
    </ClCompile>
    <ClCompile Include="WepItem.cpp">
      <Filter>소스 파일\02.Object\04.Prop\01.Item\01.WepItem</Filter>
    </ClCompile>
    <ClCompile Include="AmmoBox.cpp">
      <Filter>소스 파일\02.Object\04.Prop\01.Item\02.AmmoBox</Filter>
    </ClCompile>
    <ClCompile Include="GrenadeBox.cpp">
      <Filter>소스 파일\02.Object\04.Prop\01.Item\03.GrenadeBox</Filter>
    </ClCompile>
    <ClCompile Include="LifeStone.cpp">
      <Filter>소스 파일\02.Object\04.Prop\01.Item\04.LifeStone</Filter>
    </ClCompile>
    <ClCompile Include="ItemBox.cpp">
      <Filter>소스 파일\02.Object\04.Prop\01.Item\05.ItemBox</Filter>
    </ClCompile>
    <ClCompile Include="Block.cpp">
      <Filter>소스 파일\02.Object\07.Block</Filter>
    </ClCompile>
    <ClCompile Include="Npc.cpp">
      <Filter>소스 파일\02.Object\03.Npc</Filter>
    </ClCompile>
    <ClCompile Include="Arabian.cpp">
      <Filter>소스 파일\02.Object\02.Enemy\02.Arabian</Filter>
    </ClCompile>
    <ClCompile Include="Soldier.cpp">
      <Filter>소스 파일\02.Object\02.Enemy\01.Soldier</Filter>
    </ClCompile>
    <ClCompile Include="ThreeHead.cpp">
      <Filter>소스 파일\02.Object\02.Enemy\03.ThreeHead</Filter>
    </ClCompile>
    <ClCompile Include="Tower.cpp">
      <Filter>소스 파일\02.Object\02.Enemy\03.ThreeHead\01.Tower</Filter>
    </ClCompile>
    <ClCompile Include="Masknell.cpp">
      <Filter>소스 파일\02.Object\02.Enemy\04.Masknell</Filter>
    </ClCompile>
    <ClCompile Include="ShotgunBullet.cpp">
      <Filter>소스 파일\02.Object\05.Bullet\02.Shotgun</Filter>
    </ClCompile>
    <ClCompile Include="Shotgun.cpp">
      <Filter>소스 파일\03.Weapon\03.Shotgun</Filter>
    </ClCompile>
    <ClCompile Include="RocketBullet.cpp">
      <Filter>소스 파일\02.Object\05.Bullet\03.Rocket</Filter>
    </ClCompile>
    <ClCompile Include="RocketLauncher.cpp">
      <Filter>소스 파일\03.Weapon\04.Rocket</Filter>
    </ClCompile>
    <ClCompile Include="Explosive.cpp">
      <Filter>소스 파일\02.Object\05.Bullet\04.Explosive</Filter>
    </ClCompile>
    <ClCompile Include="SolDae.cpp">
      <Filter>소스 파일\02.Object\02.Enemy\05.SolDae</Filter>
    </ClCompile>
    <ClCompile Include="SolDaeLaser.cpp">
      <Filter>소스 파일\02.Object\05.Bullet\05.EnemyBullet\01.SolDaeLaser</Filter>
    </ClCompile>
    <ClCompile Include="EnemyBullet.cpp">
      <Filter>소스 파일\02.Object\05.Bullet\05.EnemyBullet\00.EnemyBullet</Filter>
    </ClCompile>
    <ClCompile Include="SolDaeRoot.cpp">
      <Filter>소스 파일\02.Object\05.Bullet\05.EnemyBullet\02.SolDaeRoot</Filter>
    </ClCompile>
    <ClCompile Include="Car.cpp">
      <Filter>소스 파일\02.Object\07.Block\01.Car</Filter>
    </ClCompile>
    <ClCompile Include="Sarubia.cpp">
      <Filter>소스 파일\02.Object\02.Enemy\06.Sarubia</Filter>
    </ClCompile>
    <ClCompile Include="SarubiaBullet.cpp">
      <Filter>소스 파일\02.Object\05.Bullet\05.EnemyBullet\03.SarubiaBullet</Filter>
    </ClCompile>
    <ClCompile Include="Bazuka.cpp">
      <Filter>소스 파일\02.Object\02.Enemy\07.Bazuka</Filter>
    </ClCompile>
    <ClCompile Include="Parachute.cpp">
      <Filter>소스 파일\02.Object\02.Enemy\07.Bazuka\00.Parachute</Filter>
    </ClCompile>
    <ClCompile Include="BazukaBullet.cpp">
      <Filter>소스 파일\02.Object\05.Bullet\05.EnemyBullet\04.BazukaBullet</Filter>
    </ClCompile>
    <ClCompile Include="Laser.cpp">
      <Filter>소스 파일\03.Weapon\05.Laser</Filter>
    </ClCompile>
    <ClCompile Include="LaserBullet.cpp">
      <Filter>소스 파일\02.Object\05.Bullet\06.LaserBullet</Filter>
    </ClCompile>
    <ClCompile Include="DiCokka.cpp">
      <Filter>소스 파일\02.Object\02.Enemy\08.DiCokka</Filter>
    </ClCompile>
    <ClCompile Include="DiCokkaBullet.cpp">
      <Filter>소스 파일\02.Object\05.Bullet\05.EnemyBullet\05.DiCokkaBullet</Filter>
    </ClCompile>
    <ClCompile Include="BlockMgr.cpp">
      <Filter>소스 파일\01.Manager\10.BlockMgr</Filter>
    </ClCompile>
    <ClCompile Include="IronlizardBullet.cpp">
      <Filter>소스 파일\02.Object\05.Bullet\07.IronlizardBullet</Filter>
    </ClCompile>
    <ClCompile Include="Ironlizard.cpp">
      <Filter>소스 파일\03.Weapon\06.Ironlizard</Filter>
    </ClCompile>
    <ClCompile Include="ThreeHeadBullet.cpp">
      <Filter>소스 파일\02.Object\05.Bullet\05.EnemyBullet\06.ThreeHeadBullet</Filter>
    </ClCompile>
    <ClCompile Include="Kessi.cpp">
      <Filter>소스 파일\02.Object\02.Enemy\09.Kessi</Filter>
    </ClCompile>
    <ClCompile Include="FixedBazuka.cpp">
      <Filter>소스 파일\02.Object\02.Enemy\09.Kessi\02.FixedBazuka</Filter>
    </ClCompile>
    <ClCompile Include="Rosin.cpp">
      <Filter>소스 파일\02.Object\02.Enemy\09.Kessi\01.Rosin</Filter>
    </ClCompile>
    <ClCompile Include="Burst.cpp">
      <Filter>소스 파일\02.Object\02.Enemy\09.Kessi\03.Burst</Filter>
    </ClCompile>
    <ClCompile Include="SoundMgr.cpp">
      <Filter>소스 파일\01.Manager\02.SoundMgr</Filter>
    </ClCompile>
  </ItemGroup>
</Project>